
Microsoft Visual Studio Solution File, Format Version 12.00
# Visual Studio Version 16
VisualStudioVersion = 16.0.30804.86
MinimumVisualStudioVersion = 10.0.40219.1
Project("{9A19103F-16F7-4668-BE54-9A1E7A4F7556}") = "POO", "POO.csproj", "{2AF93BEC-5AA7-4792-B92E-B71DF371B087}"
EndProject
Global
	GlobalSection(SolutionConfigurationPlatforms) = preSolution
		Debug|Any CPU = Debug|Any CPU
		Release|Any CPU = Release|Any CPU
	EndGlobalSection
	GlobalSection(ProjectConfigurationPlatforms) = postSolution
		{2AF93BEC-5AA7-4792-B92E-B71DF371B087}.Debug|Any CPU.ActiveCfg = Debug|Any CPU
		{2AF93BEC-5AA7-4792-B92E-B71DF371B087}.Debug|Any CPU.Build.0 = Debug|Any CPU
		{2AF93BEC-5AA7-4792-B92E-B71DF371B087}.Release|Any CPU.ActiveCfg = Release|Any CPU
		{2AF93BEC-5AA7-4792-B92E-B71DF371B087}.Release|Any CPU.Build.0 = Release|Any CPU
	EndGlobalSection
	GlobalSection(SolutionProperties) = preSolution
		HideSolutionNode = FALSE
	EndGlobalSection
	GlobalSection(ExtensibilityGlobals) = postSolution
		SolutionGuid = {18CE42A7-CAAA-4490-BE99-1ED0A26BE46E}
	EndGlobalSection
EndGlobal
